// !$*UTF8*$!
{
	archiveVersion = 1;
	classes = {
	};
	objectVersion = 50;
	objects = {

/* Begin PBXBuildFile section */
		A69DD105235432E600C5994E /* CalendarController.swift in Sources */ = {isa = PBXBuildFile; fileRef = A69DD104235432E600C5994E /* CalendarController.swift */; };
		A6C02DEB2359EF0F00762799 /* CalendarLanguage.swift in Sources */ = {isa = PBXBuildFile; fileRef = A6C02DEA2359EF0F00762799 /* CalendarLanguage.swift */; };
		A70D3548235D80A600D615AF /* Infor_History.swift in Sources */ = {isa = PBXBuildFile; fileRef = A70D3547235D80A600D615AF /* Infor_History.swift */; };
		A70D354A235D85F500D615AF /* Infor_HistoryPage2.swift in Sources */ = {isa = PBXBuildFile; fileRef = A70D3549235D85F500D615AF /* Infor_HistoryPage2.swift */; };
		A763053A2359C26B007B6087 /* Language_Control.swift in Sources */ = {isa = PBXBuildFile; fileRef = A76305392359C26B007B6087 /* Language_Control.swift */; };
		A763053C2359C31F007B6087 /* Infor_Benefit.swift in Sources */ = {isa = PBXBuildFile; fileRef = A763053B2359C31F007B6087 /* Infor_Benefit.swift */; };
		A7F5AAE9235D6AD6003E857A /* InformatonLanguage.swift in Sources */ = {isa = PBXBuildFile; fileRef = A7F5AAE8235D6AD6003E857A /* InformatonLanguage.swift */; };
		FA67D3952351B44700294F45 /* PreQuizViewController.swift in Sources */ = {isa = PBXBuildFile; fileRef = FA67D3942351B44700294F45 /* PreQuizViewController.swift */; };
		FA67D3972351C68B00294F45 /* QuizVC.swift in Sources */ = {isa = PBXBuildFile; fileRef = FA67D3962351C68B00294F45 /* QuizVC.swift */; };
		FA67D3992351CA0400294F45 /* Question.swift in Sources */ = {isa = PBXBuildFile; fileRef = FA67D3982351CA0400294F45 /* Question.swift */; };
		FA67D39B2351CACC00294F45 /* QuestionBank.swift in Sources */ = {isa = PBXBuildFile; fileRef = FA67D39A2351CACC00294F45 /* QuestionBank.swift */; };
		FA93552F23558C7800AE9F53 /* Information.storyboard in Resources */ = {isa = PBXBuildFile; fileRef = FA93552E23558C7800AE9F53 /* Information.storyboard */; };
		FA93553F2355984500AE9F53 /* Calendar.storyboard in Resources */ = {isa = PBXBuildFile; fileRef = FA93553E2355984500AE9F53 /* Calendar.storyboard */; };
		FAC494EB2359F7D70055713E /* tabBarVC.swift in Sources */ = {isa = PBXBuildFile; fileRef = FAC494EA2359F7D70055713E /* tabBarVC.swift */; };
		FACF926323501E07005AD38D /* AppDelegate.swift in Sources */ = {isa = PBXBuildFile; fileRef = FACF926223501E07005AD38D /* AppDelegate.swift */; };
		FACF926523501E07005AD38D /* ViewController.swift in Sources */ = {isa = PBXBuildFile; fileRef = FACF926423501E07005AD38D /* ViewController.swift */; };
		FACF926823501E07005AD38D /* Main.storyboard in Resources */ = {isa = PBXBuildFile; fileRef = FACF926623501E07005AD38D /* Main.storyboard */; };
		FACF926A23501E0C005AD38D /* Assets.xcassets in Resources */ = {isa = PBXBuildFile; fileRef = FACF926923501E0C005AD38D /* Assets.xcassets */; };
		FACF926D23501E0C005AD38D /* LaunchScreen.storyboard in Resources */ = {isa = PBXBuildFile; fileRef = FACF926B23501E0C005AD38D /* LaunchScreen.storyboard */; };
		FACF927823501E0C005AD38D /* CS4298_Asg1Tests.swift in Sources */ = {isa = PBXBuildFile; fileRef = FACF927723501E0C005AD38D /* CS4298_Asg1Tests.swift */; };
		FACF928323501E0C005AD38D /* CS4298_Asg1UITests.swift in Sources */ = {isa = PBXBuildFile; fileRef = FACF928223501E0C005AD38D /* CS4298_Asg1UITests.swift */; };
		FAF9C3A9235497D0009C691E /* Quiz.storyboard in Resources */ = {isa = PBXBuildFile; fileRef = FAF9C3A7235497D0009C691E /* Quiz.storyboard */; };
/* End PBXBuildFile section */

/* Begin PBXContainerItemProxy section */
		FACF927423501E0C005AD38D /* PBXContainerItemProxy */ = {
			isa = PBXContainerItemProxy;
			containerPortal = FACF925723501E07005AD38D /* Project object */;
			proxyType = 1;
			remoteGlobalIDString = FACF925E23501E07005AD38D;
			remoteInfo = CS4298_Asg1;
		};
		FACF927F23501E0C005AD38D /* PBXContainerItemProxy */ = {
			isa = PBXContainerItemProxy;
			containerPortal = FACF925723501E07005AD38D /* Project object */;
			proxyType = 1;
			remoteGlobalIDString = FACF925E23501E07005AD38D;
			remoteInfo = CS4298_Asg1;
		};
/* End PBXContainerItemProxy section */

/* Begin PBXFileReference section */
		A69DD104235432E600C5994E /* CalendarController.swift */ = {isa = PBXFileReference; lastKnownFileType = sourcecode.swift; path = CalendarController.swift; sourceTree = "<group>"; };
		A6C02DEA2359EF0F00762799 /* CalendarLanguage.swift */ = {isa = PBXFileReference; lastKnownFileType = sourcecode.swift; path = CalendarLanguage.swift; sourceTree = "<group>"; };
		A70D3547235D80A600D615AF /* Infor_History.swift */ = {isa = PBXFileReference; lastKnownFileType = sourcecode.swift; path = Infor_History.swift; sourceTree = "<group>"; };
		A70D3549235D85F500D615AF /* Infor_HistoryPage2.swift */ = {isa = PBXFileReference; lastKnownFileType = sourcecode.swift; path = Infor_HistoryPage2.swift; sourceTree = "<group>"; };
		A76305392359C26B007B6087 /* Language_Control.swift */ = {isa = PBXFileReference; lastKnownFileType = sourcecode.swift; path = Language_Control.swift; sourceTree = "<group>"; };
		A763053B2359C31F007B6087 /* Infor_Benefit.swift */ = {isa = PBXFileReference; lastKnownFileType = sourcecode.swift; path = Infor_Benefit.swift; sourceTree = "<group>"; };
		A7F5AAE8235D6AD6003E857A /* InformatonLanguage.swift */ = {isa = PBXFileReference; lastKnownFileType = sourcecode.swift; path = InformatonLanguage.swift; sourceTree = "<group>"; };
		FA67D3942351B44700294F45 /* PreQuizViewController.swift */ = {isa = PBXFileReference; lastKnownFileType = sourcecode.swift; path = PreQuizViewController.swift; sourceTree = "<group>"; };
		FA67D3962351C68B00294F45 /* QuizVC.swift */ = {isa = PBXFileReference; lastKnownFileType = sourcecode.swift; path = QuizVC.swift; sourceTree = "<group>"; };
		FA67D3982351CA0400294F45 /* Question.swift */ = {isa = PBXFileReference; lastKnownFileType = sourcecode.swift; path = Question.swift; sourceTree = "<group>"; };
		FA67D39A2351CACC00294F45 /* QuestionBank.swift */ = {isa = PBXFileReference; lastKnownFileType = sourcecode.swift; path = QuestionBank.swift; sourceTree = "<group>"; };
		FA93552E23558C7800AE9F53 /* Information.storyboard */ = {isa = PBXFileReference; fileEncoding = 4; lastKnownFileType = file.storyboard; path = Information.storyboard; sourceTree = "<group>"; };
		FA93553E2355984500AE9F53 /* Calendar.storyboard */ = {isa = PBXFileReference; fileEncoding = 4; lastKnownFileType = file.storyboard; path = Calendar.storyboard; sourceTree = "<group>"; };
		FAC494EA2359F7D70055713E /* tabBarVC.swift */ = {isa = PBXFileReference; lastKnownFileType = sourcecode.swift; path = tabBarVC.swift; sourceTree = "<group>"; };
		FACF925F23501E07005AD38D /* CS4298_Asg1.app */ = {isa = PBXFileReference; explicitFileType = wrapper.application; includeInIndex = 0; path = CS4298_Asg1.app; sourceTree = BUILT_PRODUCTS_DIR; };
		FACF926223501E07005AD38D /* AppDelegate.swift */ = {isa = PBXFileReference; lastKnownFileType = sourcecode.swift; path = AppDelegate.swift; sourceTree = "<group>"; };
		FACF926423501E07005AD38D /* ViewController.swift */ = {isa = PBXFileReference; lastKnownFileType = sourcecode.swift; path = ViewController.swift; sourceTree = "<group>"; };
		FACF926723501E07005AD38D /* Base */ = {isa = PBXFileReference; lastKnownFileType = file.storyboard; name = Base; path = Base.lproj/Main.storyboard; sourceTree = "<group>"; };
		FACF926923501E0C005AD38D /* Assets.xcassets */ = {isa = PBXFileReference; lastKnownFileType = folder.assetcatalog; path = Assets.xcassets; sourceTree = "<group>"; };
		FACF926C23501E0C005AD38D /* Base */ = {isa = PBXFileReference; lastKnownFileType = file.storyboard; name = Base; path = Base.lproj/LaunchScreen.storyboard; sourceTree = "<group>"; };
		FACF926E23501E0C005AD38D /* Info.plist */ = {isa = PBXFileReference; lastKnownFileType = text.plist.xml; path = Info.plist; sourceTree = "<group>"; };
		FACF927323501E0C005AD38D /* CS4298_Asg1Tests.xctest */ = {isa = PBXFileReference; explicitFileType = wrapper.cfbundle; includeInIndex = 0; path = CS4298_Asg1Tests.xctest; sourceTree = BUILT_PRODUCTS_DIR; };
		FACF927723501E0C005AD38D /* CS4298_Asg1Tests.swift */ = {isa = PBXFileReference; lastKnownFileType = sourcecode.swift; path = CS4298_Asg1Tests.swift; sourceTree = "<group>"; };
		FACF927923501E0C005AD38D /* Info.plist */ = {isa = PBXFileReference; lastKnownFileType = text.plist.xml; path = Info.plist; sourceTree = "<group>"; };
		FACF927E23501E0C005AD38D /* CS4298_Asg1UITests.xctest */ = {isa = PBXFileReference; explicitFileType = wrapper.cfbundle; includeInIndex = 0; path = CS4298_Asg1UITests.xctest; sourceTree = BUILT_PRODUCTS_DIR; };
		FACF928223501E0C005AD38D /* CS4298_Asg1UITests.swift */ = {isa = PBXFileReference; lastKnownFileType = sourcecode.swift; path = CS4298_Asg1UITests.swift; sourceTree = "<group>"; };
		FACF928423501E0C005AD38D /* Info.plist */ = {isa = PBXFileReference; lastKnownFileType = text.plist.xml; path = Info.plist; sourceTree = "<group>"; };
		FAF9C3A8235497D0009C691E /* Base */ = {isa = PBXFileReference; lastKnownFileType = file.storyboard; name = Base; path = CS4298_Asg1/View/Base.lproj/Quiz.storyboard; sourceTree = "<group>"; };
/* End PBXFileReference section */

/* Begin PBXFrameworksBuildPhase section */
		FACF925C23501E07005AD38D /* Frameworks */ = {
			isa = PBXFrameworksBuildPhase;
			buildActionMask = 2147483647;
			files = (
			);
			runOnlyForDeploymentPostprocessing = 0;
		};
		FACF927023501E0C005AD38D /* Frameworks */ = {
			isa = PBXFrameworksBuildPhase;
			buildActionMask = 2147483647;
			files = (
			);
			runOnlyForDeploymentPostprocessing = 0;
		};
		FACF927B23501E0C005AD38D /* Frameworks */ = {
			isa = PBXFrameworksBuildPhase;
			buildActionMask = 2147483647;
			files = (
			);
			runOnlyForDeploymentPostprocessing = 0;
		};
/* End PBXFrameworksBuildPhase section */

/* Begin PBXGroup section */
		FA67D37C23518F4100294F45 /* Controller */ = {
			isa = PBXGroup;
			children = (
				A763053B2359C31F007B6087 /* Infor_Benefit.swift */,
				A70D3547235D80A600D615AF /* Infor_History.swift */,
				A70D3549235D85F500D615AF /* Infor_HistoryPage2.swift */,
				FACF926223501E07005AD38D /* AppDelegate.swift */,
				FACF926423501E07005AD38D /* ViewController.swift */,
				FA67D3942351B44700294F45 /* PreQuizViewController.swift */,
				FA67D3962351C68B00294F45 /* QuizVC.swift */,
				A69DD104235432E600C5994E /* CalendarController.swift */,
				FAC494EA2359F7D70055713E /* tabBarVC.swift */,
			);
			path = Controller;
			sourceTree = "<group>";
		};
		FA67D37D23518F7200294F45 /* View */ = {
			isa = PBXGroup;
			children = (
				FACF926B23501E0C005AD38D /* LaunchScreen.storyboard */,
				FACF926623501E07005AD38D /* Main.storyboard */,
				FA93552E23558C7800AE9F53 /* Information.storyboard */,
				FAF9C3A7235497D0009C691E /* Quiz.storyboard */,
				FA93553E2355984500AE9F53 /* Calendar.storyboard */,
			);
			path = View;
			sourceTree = "<group>";
		};
		FA67D37E23518F7600294F45 /* Model */ = {
			isa = PBXGroup;
			children = (
				FA67D3982351CA0400294F45 /* Question.swift */,
				A76305392359C26B007B6087 /* Language_Control.swift */,
				FA67D39A2351CACC00294F45 /* QuestionBank.swift */,
				A6C02DEA2359EF0F00762799 /* CalendarLanguage.swift */,
				A7F5AAE8235D6AD6003E857A /* InformatonLanguage.swift */,
			);
			path = Model;
			sourceTree = "<group>";
		};
		FACF925623501E07005AD38D = {
			isa = PBXGroup;
			children = (
				FACF926123501E07005AD38D /* CS4298_Asg1 */,
				FACF927623501E0C005AD38D /* CS4298_Asg1Tests */,
				FACF928123501E0C005AD38D /* CS4298_Asg1UITests */,
				FACF926023501E07005AD38D /* Products */,
			);
			sourceTree = "<group>";
		};
		FACF926023501E07005AD38D /* Products */ = {
			isa = PBXGroup;
			children = (
				FACF925F23501E07005AD38D /* CS4298_Asg1.app */,
				FACF927323501E0C005AD38D /* CS4298_Asg1Tests.xctest */,
				FACF927E23501E0C005AD38D /* CS4298_Asg1UITests.xctest */,
			);
			name = Products;
			sourceTree = "<group>";
		};
		FACF926123501E07005AD38D /* CS4298_Asg1 */ = {
			isa = PBXGroup;
			children = (
				FA67D37E23518F7600294F45 /* Model */,
				FA67D37D23518F7200294F45 /* View */,
				FA67D37C23518F4100294F45 /* Controller */,
				FACF926923501E0C005AD38D /* Assets.xcassets */,
				FACF926E23501E0C005AD38D /* Info.plist */,
			);
			path = CS4298_Asg1;
			sourceTree = "<group>";
		};
		FACF927623501E0C005AD38D /* CS4298_Asg1Tests */ = {
			isa = PBXGroup;
			children = (
				FACF927723501E0C005AD38D /* CS4298_Asg1Tests.swift */,
				FACF927923501E0C005AD38D /* Info.plist */,
			);
			path = CS4298_Asg1Tests;
			sourceTree = "<group>";
		};
		FACF928123501E0C005AD38D /* CS4298_Asg1UITests */ = {
			isa = PBXGroup;
			children = (
				FACF928223501E0C005AD38D /* CS4298_Asg1UITests.swift */,
				FACF928423501E0C005AD38D /* Info.plist */,
			);
			path = CS4298_Asg1UITests;
			sourceTree = "<group>";
		};
/* End PBXGroup section */

/* Begin PBXNativeTarget section */
		FACF925E23501E07005AD38D /* CS4298_Asg1 */ = {
			isa = PBXNativeTarget;
			buildConfigurationList = FACF928723501E0C005AD38D /* Build configuration list for PBXNativeTarget "CS4298_Asg1" */;
			buildPhases = (
				FACF925B23501E07005AD38D /* Sources */,
				FACF925C23501E07005AD38D /* Frameworks */,
				FACF925D23501E07005AD38D /* Resources */,
			);
			buildRules = (
			);
			dependencies = (
			);
			name = CS4298_Asg1;
			productName = CS4298_Asg1;
			productReference = FACF925F23501E07005AD38D /* CS4298_Asg1.app */;
			productType = "com.apple.product-type.application";
		};
		FACF927223501E0C005AD38D /* CS4298_Asg1Tests */ = {
			isa = PBXNativeTarget;
			buildConfigurationList = FACF928A23501E0C005AD38D /* Build configuration list for PBXNativeTarget "CS4298_Asg1Tests" */;
			buildPhases = (
				FACF926F23501E0C005AD38D /* Sources */,
				FACF927023501E0C005AD38D /* Frameworks */,
				FACF927123501E0C005AD38D /* Resources */,
			);
			buildRules = (
			);
			dependencies = (
				FACF927523501E0C005AD38D /* PBXTargetDependency */,
			);
			name = CS4298_Asg1Tests;
			productName = CS4298_Asg1Tests;
			productReference = FACF927323501E0C005AD38D /* CS4298_Asg1Tests.xctest */;
			productType = "com.apple.product-type.bundle.unit-test";
		};
		FACF927D23501E0C005AD38D /* CS4298_Asg1UITests */ = {
			isa = PBXNativeTarget;
			buildConfigurationList = FACF928D23501E0C005AD38D /* Build configuration list for PBXNativeTarget "CS4298_Asg1UITests" */;
			buildPhases = (
				FACF927A23501E0C005AD38D /* Sources */,
				FACF927B23501E0C005AD38D /* Frameworks */,
				FACF927C23501E0C005AD38D /* Resources */,
			);
			buildRules = (
			);
			dependencies = (
				FACF928023501E0C005AD38D /* PBXTargetDependency */,
			);
			name = CS4298_Asg1UITests;
			productName = CS4298_Asg1UITests;
			productReference = FACF927E23501E0C005AD38D /* CS4298_Asg1UITests.xctest */;
			productType = "com.apple.product-type.bundle.ui-testing";
		};
/* End PBXNativeTarget section */

/* Begin PBXProject section */
		FACF925723501E07005AD38D /* Project object */ = {
			isa = PBXProject;
			attributes = {
				LastSwiftUpdateCheck = 1030;
				LastUpgradeCheck = 1030;
				ORGANIZATIONNAME = "YU Ka Kit";
				TargetAttributes = {
					FACF925E23501E07005AD38D = {
						CreatedOnToolsVersion = 10.3;
					};
					FACF927223501E0C005AD38D = {
						CreatedOnToolsVersion = 10.3;
						TestTargetID = FACF925E23501E07005AD38D;
					};
					FACF927D23501E0C005AD38D = {
						CreatedOnToolsVersion = 10.3;
						TestTargetID = FACF925E23501E07005AD38D;
					};
				};
			};
			buildConfigurationList = FACF925A23501E07005AD38D /* Build configuration list for PBXProject "CS4298_Asg1" */;
			compatibilityVersion = "Xcode 9.3";
			developmentRegion = en;
			hasScannedForEncodings = 0;
			knownRegions = (
				en,
				Base,
			);
			mainGroup = FACF925623501E07005AD38D;
			productRefGroup = FACF926023501E07005AD38D /* Products */;
			projectDirPath = "";
			projectRoot = "";
			targets = (
				FACF925E23501E07005AD38D /* CS4298_Asg1 */,
				FACF927223501E0C005AD38D /* CS4298_Asg1Tests */,
				FACF927D23501E0C005AD38D /* CS4298_Asg1UITests */,
			);
		};
/* End PBXProject section */

/* Begin PBXResourcesBuildPhase section */
		FACF925D23501E07005AD38D /* Resources */ = {
			isa = PBXResourcesBuildPhase;
			buildActionMask = 2147483647;
			files = (
				FA93553F2355984500AE9F53 /* Calendar.storyboard in Resources */,
				FACF926D23501E0C005AD38D /* LaunchScreen.storyboard in Resources */,
				FACF926A23501E0C005AD38D /* Assets.xcassets in Resources */,
				FACF926823501E07005AD38D /* Main.storyboard in Resources */,
				FA93552F23558C7800AE9F53 /* Information.storyboard in Resources */,
				FAF9C3A9235497D0009C691E /* Quiz.storyboard in Resources */,
			);
			runOnlyForDeploymentPostprocessing = 0;
		};
		FACF927123501E0C005AD38D /* Resources */ = {
			isa = PBXResourcesBuildPhase;
			buildActionMask = 2147483647;
			files = (
			);
			runOnlyForDeploymentPostprocessing = 0;
		};
		FACF927C23501E0C005AD38D /* Resources */ = {
			isa = PBXResourcesBuildPhase;
			buildActionMask = 2147483647;
			files = (
			);
			runOnlyForDeploymentPostprocessing = 0;
		};
/* End PBXResourcesBuildPhase section */

/* Begin PBXSourcesBuildPhase section */
		FACF925B23501E07005AD38D /* Sources */ = {
			isa = PBXSourcesBuildPhase;
			buildActionMask = 2147483647;
			files = (
				A7F5AAE9235D6AD6003E857A /* InformatonLanguage.swift in Sources */,
				FA67D3992351CA0400294F45 /* Question.swift in Sources */,
				FACF926523501E07005AD38D /* ViewController.swift in Sources */,
				FAC494EB2359F7D70055713E /* tabBarVC.swift in Sources */,
				FA67D3972351C68B00294F45 /* QuizVC.swift in Sources */,
				A70D354A235D85F500D615AF /* Infor_HistoryPage2.swift in Sources */,
				A69DD105235432E600C5994E /* CalendarController.swift in Sources */,
				FA67D3952351B44700294F45 /* PreQuizViewController.swift in Sources */,
				A6C02DEB2359EF0F00762799 /* CalendarLanguage.swift in Sources */,
				A70D3548235D80A600D615AF /* Infor_History.swift in Sources */,
				FACF926323501E07005AD38D /* AppDelegate.swift in Sources */,
				A763053C2359C31F007B6087 /* Infor_Benefit.swift in Sources */,
				FA67D39B2351CACC00294F45 /* QuestionBank.swift in Sources */,
				A763053A2359C26B007B6087 /* Language_Control.swift in Sources */,
			);
			runOnlyForDeploymentPostprocessing = 0;
		};
		FACF926F23501E0C005AD38D /* Sources */ = {
			isa = PBXSourcesBuildPhase;
			buildActionMask = 2147483647;
			files = (
				FACF927823501E0C005AD38D /* CS4298_Asg1Tests.swift in Sources */,
			);
			runOnlyForDeploymentPostprocessing = 0;
		};
		FACF927A23501E0C005AD38D /* Sources */ = {
			isa = PBXSourcesBuildPhase;
			buildActionMask = 2147483647;
			files = (
				FACF928323501E0C005AD38D /* CS4298_Asg1UITests.swift in Sources */,
			);
			runOnlyForDeploymentPostprocessing = 0;
		};
/* End PBXSourcesBuildPhase section */

/* Begin PBXTargetDependency section */
		FACF927523501E0C005AD38D /* PBXTargetDependency */ = {
			isa = PBXTargetDependency;
			target = FACF925E23501E07005AD38D /* CS4298_Asg1 */;
			targetProxy = FACF927423501E0C005AD38D /* PBXContainerItemProxy */;
		};
		FACF928023501E0C005AD38D /* PBXTargetDependency */ = {
			isa = PBXTargetDependency;
			target = FACF925E23501E07005AD38D /* CS4298_Asg1 */;
			targetProxy = FACF927F23501E0C005AD38D /* PBXContainerItemProxy */;
		};
/* End PBXTargetDependency section */

/* Begin PBXVariantGroup section */
		FACF926623501E07005AD38D /* Main.storyboard */ = {
			isa = PBXVariantGroup;
			children = (
				FACF926723501E07005AD38D /* Base */,
			);
			name = Main.storyboard;
			sourceTree = "<group>";
		};
		FACF926B23501E0C005AD38D /* LaunchScreen.storyboard */ = {
			isa = PBXVariantGroup;
			children = (
				FACF926C23501E0C005AD38D /* Base */,
			);
			name = LaunchScreen.storyboard;
			sourceTree = "<group>";
		};
		FAF9C3A7235497D0009C691E /* Quiz.storyboard */ = {
			isa = PBXVariantGroup;
			children = (
				FAF9C3A8235497D0009C691E /* Base */,
			);
			name = Quiz.storyboard;
			sourceTree = "<group>";
		};
/* End PBXVariantGroup section */

/* Begin XCBuildConfiguration section */
		FACF928523501E0C005AD38D /* Debug */ = {
			isa = XCBuildConfiguration;
			buildSettings = {
				ALWAYS_SEARCH_USER_PATHS = NO;
				CLANG_ANALYZER_NONNULL = YES;
				CLANG_ANALYZER_NUMBER_OBJECT_CONVERSION = YES_AGGRESSIVE;
				CLANG_CXX_LANGUAGE_STANDARD = "gnu++14";
				CLANG_CXX_LIBRARY = "libc++";
				CLANG_ENABLE_MODULES = YES;
				CLANG_ENABLE_OBJC_ARC = YES;
				CLANG_ENABLE_OBJC_WEAK = YES;
				CLANG_WARN_BLOCK_CAPTURE_AUTORELEASING = YES;
				CLANG_WARN_BOOL_CONVERSION = YES;
				CLANG_WARN_COMMA = YES;
				CLANG_WARN_CONSTANT_CONVERSION = YES;
				CLANG_WARN_DEPRECATED_OBJC_IMPLEMENTATIONS = YES;
				CLANG_WARN_DIRECT_OBJC_ISA_USAGE = YES_ERROR;
				CLANG_WARN_DOCUMENTATION_COMMENTS = YES;
				CLANG_WARN_EMPTY_BODY = YES;
				CLANG_WARN_ENUM_CONVERSION = YES;
				CLANG_WARN_INFINITE_RECURSION = YES;
				CLANG_WARN_INT_CONVERSION = YES;
				CLANG_WARN_NON_LITERAL_NULL_CONVERSION = YES;
				CLANG_WARN_OBJC_IMPLICIT_RETAIN_SELF = YES;
				CLANG_WARN_OBJC_LITERAL_CONVERSION = YES;
				CLANG_WARN_OBJC_ROOT_CLASS = YES_ERROR;
				CLANG_WARN_RANGE_LOOP_ANALYSIS = YES;
				CLANG_WARN_STRICT_PROTOTYPES = YES;
				CLANG_WARN_SUSPICIOUS_MOVE = YES;
				CLANG_WARN_UNGUARDED_AVAILABILITY = YES_AGGRESSIVE;
				CLANG_WARN_UNREACHABLE_CODE = YES;
				CLANG_WARN__DUPLICATE_METHOD_MATCH = YES;
				CODE_SIGN_IDENTITY = "iPhone Developer";
				COPY_PHASE_STRIP = NO;
				DEBUG_INFORMATION_FORMAT = dwarf;
				ENABLE_STRICT_OBJC_MSGSEND = YES;
				ENABLE_TESTABILITY = YES;
				GCC_C_LANGUAGE_STANDARD = gnu11;
				GCC_DYNAMIC_NO_PIC = NO;
				GCC_NO_COMMON_BLOCKS = YES;
				GCC_OPTIMIZATION_LEVEL = 0;
				GCC_PREPROCESSOR_DEFINITIONS = (
					"DEBUG=1",
					"$(inherited)",
				);
				GCC_WARN_64_TO_32_BIT_CONVERSION = YES;
				GCC_WARN_ABOUT_RETURN_TYPE = YES_ERROR;
				GCC_WARN_UNDECLARED_SELECTOR = YES;
				GCC_WARN_UNINITIALIZED_AUTOS = YES_AGGRESSIVE;
				GCC_WARN_UNUSED_FUNCTION = YES;
				GCC_WARN_UNUSED_VARIABLE = YES;
				IPHONEOS_DEPLOYMENT_TARGET = 12.4;
				MTL_ENABLE_DEBUG_INFO = INCLUDE_SOURCE;
				MTL_FAST_MATH = YES;
				ONLY_ACTIVE_ARCH = YES;
				SDKROOT = iphoneos;
				SWIFT_ACTIVE_COMPILATION_CONDITIONS = DEBUG;
				SWIFT_OPTIMIZATION_LEVEL = "-Onone";
			};
			name = Debug;
		};
		FACF928623501E0C005AD38D /* Release */ = {
			isa = XCBuildConfiguration;
			buildSettings = {
				ALWAYS_SEARCH_USER_PATHS = NO;
				CLANG_ANALYZER_NONNULL = YES;
				CLANG_ANALYZER_NUMBER_OBJECT_CONVERSION = YES_AGGRESSIVE;
				CLANG_CXX_LANGUAGE_STANDARD = "gnu++14";
				CLANG_CXX_LIBRARY = "libc++";
				CLANG_ENABLE_MODULES = YES;
				CLANG_ENABLE_OBJC_ARC = YES;
				CLANG_ENABLE_OBJC_WEAK = YES;
				CLANG_WARN_BLOCK_CAPTURE_AUTORELEASING = YES;
				CLANG_WARN_BOOL_CONVERSION = YES;
				CLANG_WARN_COMMA = YES;
				CLANG_WARN_CONSTANT_CONVERSION = YES;
				CLANG_WARN_DEPRECATED_OBJC_IMPLEMENTATIONS = YES;
				CLANG_WARN_DIRECT_OBJC_ISA_USAGE = YES_ERROR;
				CLANG_WARN_DOCUMENTATION_COMMENTS = YES;
				CLANG_WARN_EMPTY_BODY = YES;
				CLANG_WARN_ENUM_CONVERSION = YES;
				CLANG_WARN_INFINITE_RECURSION = YES;
				CLANG_WARN_INT_CONVERSION = YES;
				CLANG_WARN_NON_LITERAL_NULL_CONVERSION = YES;
				CLANG_WARN_OBJC_IMPLICIT_RETAIN_SELF = YES;
				CLANG_WARN_OBJC_LITERAL_CONVERSION = YES;
				CLANG_WARN_OBJC_ROOT_CLASS = YES_ERROR;
				CLANG_WARN_RANGE_LOOP_ANALYSIS = YES;
				CLANG_WARN_STRICT_PROTOTYPES = YES;
				CLANG_WARN_SUSPICIOUS_MOVE = YES;
				CLANG_WARN_UNGUARDED_AVAILABILITY = YES_AGGRESSIVE;
				CLANG_WARN_UNREACHABLE_CODE = YES;
				CLANG_WARN__DUPLICATE_METHOD_MATCH = YES;
				CODE_SIGN_IDENTITY = "iPhone Developer";
				COPY_PHASE_STRIP = NO;
				DEBUG_INFORMATION_FORMAT = "dwarf-with-dsym";
				ENABLE_NS_ASSERTIONS = NO;
				ENABLE_STRICT_OBJC_MSGSEND = YES;
				GCC_C_LANGUAGE_STANDARD = gnu11;
				GCC_NO_COMMON_BLOCKS = YES;
				GCC_WARN_64_TO_32_BIT_CONVERSION = YES;
				GCC_WARN_ABOUT_RETURN_TYPE = YES_ERROR;
				GCC_WARN_UNDECLARED_SELECTOR = YES;
				GCC_WARN_UNINITIALIZED_AUTOS = YES_AGGRESSIVE;
				GCC_WARN_UNUSED_FUNCTION = YES;
				GCC_WARN_UNUSED_VARIABLE = YES;
				IPHONEOS_DEPLOYMENT_TARGET = 12.4;
				MTL_ENABLE_DEBUG_INFO = NO;
				MTL_FAST_MATH = YES;
				SDKROOT = iphoneos;
				SWIFT_COMPILATION_MODE = wholemodule;
				SWIFT_OPTIMIZATION_LEVEL = "-O";
				VALIDATE_PRODUCT = YES;
			};
			name = Release;
		};
		FACF928823501E0C005AD38D /* Debug */ = {
			isa = XCBuildConfiguration;
			buildSettings = {
				ASSETCATALOG_COMPILER_APPICON_NAME = AppIcon;
				CODE_SIGN_STYLE = Automatic;
				INFOPLIST_FILE = CS4298_Asg1/Info.plist;
				LD_RUNPATH_SEARCH_PATHS = (
					"$(inherited)",
					"@executable_path/Frameworks",
				);
				PRODUCT_BUNDLE_IDENTIFIER = "cityuCS.CS4298-Asg1";
				PRODUCT_NAME = "$(TARGET_NAME)";
				SWIFT_VERSION = 5.0;
				TARGETED_DEVICE_FAMILY = "1,2";
			};
			name = Debug;
		};
		FACF928923501E0C005AD38D /* Release */ = {
			isa = XCBuildConfiguration;
			buildSettings = {
				ASSETCATALOG_COMPILER_APPICON_NAME = AppIcon;
				CODE_SIGN_STYLE = Automatic;
				INFOPLIST_FILE = CS4298_Asg1/Info.plist;
				LD_RUNPATH_SEARCH_PATHS = (
					"$(inherited)",
					"@executable_path/Frameworks",
				);
				PRODUCT_BUNDLE_IDENTIFIER = "cityuCS.CS4298-Asg1";
				PRODUCT_NAME = "$(TARGET_NAME)";
				SWIFT_VERSION = 5.0;
				TARGETED_DEVICE_FAMILY = "1,2";
			};
			name = Release;
		};
		FACF928B23501E0C005AD38D /* Debug */ = {
			isa = XCBuildConfiguration;
			buildSettings = {
				ALWAYS_EMBED_SWIFT_STANDARD_LIBRARIES = YES;
				BUNDLE_LOADER = "$(TEST_HOST)";
				CODE_SIGN_STYLE = Automatic;
				INFOPLIST_FILE = CS4298_Asg1Tests/Info.plist;
				LD_RUNPATH_SEARCH_PATHS = (
					"$(inherited)",
					"@executable_path/Frameworks",
					"@loader_path/Frameworks",
				);
				PRODUCT_BUNDLE_IDENTIFIER = "cityuCS.CS4298-Asg1Tests";
				PRODUCT_NAME = "$(TARGET_NAME)";
				SWIFT_VERSION = 5.0;
				TARGETED_DEVICE_FAMILY = "1,2";
				TEST_HOST = "$(BUILT_PRODUCTS_DIR)/CS4298_Asg1.app/CS4298_Asg1";
			};
			name = Debug;
		};
		FACF928C23501E0C005AD38D /* Release */ = {
			isa = XCBuildConfiguration;
			buildSettings = {
				ALWAYS_EMBED_SWIFT_STANDARD_LIBRARIES = YES;
				BUNDLE_LOADER = "$(TEST_HOST)";
				CODE_SIGN_STYLE = Automatic;
				INFOPLIST_FILE = CS4298_Asg1Tests/Info.plist;
				LD_RUNPATH_SEARCH_PATHS = (
					"$(inherited)",
					"@executable_path/Frameworks",
					"@loader_path/Frameworks",
				);
				PRODUCT_BUNDLE_IDENTIFIER = "cityuCS.CS4298-Asg1Tests";
				PRODUCT_NAME = "$(TARGET_NAME)";
				SWIFT_VERSION = 5.0;
				TARGETED_DEVICE_FAMILY = "1,2";
				TEST_HOST = "$(BUILT_PRODUCTS_DIR)/CS4298_Asg1.app/CS4298_Asg1";
			};
			name = Release;
		};
		FACF928E23501E0C005AD38D /* Debug */ = {
			isa = XCBuildConfiguration;
			buildSettings = {
				ALWAYS_EMBED_SWIFT_STANDARD_LIBRARIES = YES;
				CODE_SIGN_STYLE = Automatic;
				INFOPLIST_FILE = CS4298_Asg1UITests/Info.plist;
				LD_RUNPATH_SEARCH_PATHS = (
					"$(inherited)",
					"@executable_path/Frameworks",
					"@loader_path/Frameworks",
				);
				PRODUCT_BUNDLE_IDENTIFIER = "cityuCS.CS4298-Asg1UITests";
				PRODUCT_NAME = "$(TARGET_NAME)";
				SWIFT_VERSION = 5.0;
				TARGETED_DEVICE_FAMILY = "1,2";
				TEST_TARGET_NAME = CS4298_Asg1;
			};
			name = Debug;
		};
		FACF928F23501E0C005AD38D /* Release */ = {
			isa = XCBuildConfiguration;
			buildSettings = {
				ALWAYS_EMBED_SWIFT_STANDARD_LIBRARIES = YES;
				CODE_SIGN_STYLE = Automatic;
				INFOPLIST_FILE = CS4298_Asg1UITests/Info.plist;
				LD_RUNPATH_SEARCH_PATHS = (
					"$(inherited)",
					"@executable_path/Frameworks",
					"@loader_path/Frameworks",
				);
				PRODUCT_BUNDLE_IDENTIFIER = "cityuCS.CS4298-Asg1UITests";
				PRODUCT_NAME = "$(TARGET_NAME)";
				SWIFT_VERSION = 5.0;
				TARGETED_DEVICE_FAMILY = "1,2";
				TEST_TARGET_NAME = CS4298_Asg1;
			};
			name = Release;
		};
/* End XCBuildConfiguration section */

/* Begin XCConfigurationList section */
		FACF925A23501E07005AD38D /* Build configuration list for PBXProject "CS4298_Asg1" */ = {
			isa = XCConfigurationList;
			buildConfigurations = (
				FACF928523501E0C005AD38D /* Debug */,
				FACF928623501E0C005AD38D /* Release */,
			);
			defaultConfigurationIsVisible = 0;
			defaultConfigurationName = Release;
		};
		FACF928723501E0C005AD38D /* Build configuration list for PBXNativeTarget "CS4298_Asg1" */ = {
			isa = XCConfigurationList;
			buildConfigurations = (
				FACF928823501E0C005AD38D /* Debug */,
				FACF928923501E0C005AD38D /* Release */,
			);
			defaultConfigurationIsVisible = 0;
			defaultConfigurationName = Release;
		};
		FACF928A23501E0C005AD38D /* Build configuration list for PBXNativeTarget "CS4298_Asg1Tests" */ = {
			isa = XCConfigurationList;
			buildConfigurations = (
				FACF928B23501E0C005AD38D /* Debug */,
				FACF928C23501E0C005AD38D /* Release */,
			);
			defaultConfigurationIsVisible = 0;
			defaultConfigurationName = Release;
		};
		FACF928D23501E0C005AD38D /* Build configuration list for PBXNativeTarget "CS4298_Asg1UITests" */ = {
			isa = XCConfigurationList;
			buildConfigurations = (
				FACF928E23501E0C005AD38D /* Debug */,
				FACF928F23501E0C005AD38D /* Release */,
			);
			defaultConfigurationIsVisible = 0;
			defaultConfigurationName = Release;
		};
/* End XCConfigurationList section */
	};
	rootObject = FACF925723501E07005AD38D /* Project object */;
}
